
Microsoft Visual Studio Solution File, Format Version 12.00
# Visual Studio 15
VisualStudioVersion = 15.0.27130.2027
MinimumVisualStudioVersion = 10.0.40219.1
Project("{FAE04EC0-301F-11D3-BF4B-00C04F79EFBC}") = "DistanceMatrix", "DistanceMatrix\DistanceMatrix.csproj", "{DE3CF421-CAFC-4FB0-BF39-CE1D35D8ACCA}"
EndProject
Project("{FAE04EC0-301F-11D3-BF4B-00C04F79EFBC}") = "Utils", "Utils\Utils.csproj", "{CCF899C7-28A6-4B0C-8091-7CF3A66693CE}"
EndProject
Global
	GlobalSection(SolutionConfigurationPlatforms) = preSolution
		Debug|Any CPU = Debug|Any CPU
		Release|Any CPU = Release|Any CPU
	EndGlobalSection
	GlobalSection(ProjectConfigurationPlatforms) = postSolution
		{DE3CF421-CAFC-4FB0-BF39-CE1D35D8ACCA}.Debug|Any CPU.ActiveCfg = Debug|Any CPU
		{DE3CF421-CAFC-4FB0-BF39-CE1D35D8ACCA}.Debug|Any CPU.Build.0 = Debug|Any CPU
		{DE3CF421-CAFC-4FB0-BF39-CE1D35D8ACCA}.Release|Any CPU.ActiveCfg = Release|Any CPU
		{DE3CF421-CAFC-4FB0-BF39-CE1D35D8ACCA}.Release|Any CPU.Build.0 = Release|Any CPU
		{CCF899C7-28A6-4B0C-8091-7CF3A66693CE}.Debug|Any CPU.ActiveCfg = Debug|Any CPU
		{CCF899C7-28A6-4B0C-8091-7CF3A66693CE}.Debug|Any CPU.Build.0 = Debug|Any CPU
		{CCF899C7-28A6-4B0C-8091-7CF3A66693CE}.Release|Any CPU.ActiveCfg = Release|Any CPU
		{CCF899C7-28A6-4B0C-8091-7CF3A66693CE}.Release|Any CPU.Build.0 = Release|Any CPU
	EndGlobalSection
	GlobalSection(SolutionProperties) = preSolution
		HideSolutionNode = FALSE
	EndGlobalSection
	GlobalSection(ExtensibilityGlobals) = postSolution
		SolutionGuid = {A1DDF7FE-C89B-46DF-BA11-73516A7092DF}
	EndGlobalSection
EndGlobal
